
Microsoft Visual Studio Solution File, Format Version 12.00
# Visual Studio Version 17
VisualStudioVersion = 17.9.34728.123
MinimumVisualStudioVersion = 10.0.40219.1
Project("{FAE04EC0-301F-11D3-BF4B-00C04F79EFBC}") = "CQRS.Ejemplo", "CQRS.Ejemplo\CQRS.Ejemplo.csproj", "{8280521D-931F-4085-B577-4555FADBEABD}"
EndProject
Global
	GlobalSection(SolutionConfigurationPlatforms) = preSolution
		Debug|Any CPU = Debug|Any CPU
		Release|Any CPU = Release|Any CPU
	EndGlobalSection
	GlobalSection(ProjectConfigurationPlatforms) = postSolution
		{8280521D-931F-4085-B577-4555FADBEABD}.Debug|Any CPU.ActiveCfg = Debug|Any CPU
		{8280521D-931F-4085-B577-4555FADBEABD}.Debug|Any CPU.Build.0 = Debug|Any CPU
		{8280521D-931F-4085-B577-4555FADBEABD}.Release|Any CPU.ActiveCfg = Release|Any CPU
		{8280521D-931F-4085-B577-4555FADBEABD}.Release|Any CPU.Build.0 = Release|Any CPU
	EndGlobalSection
	GlobalSection(SolutionProperties) = preSolution
		HideSolutionNode = FALSE
	EndGlobalSection
	GlobalSection(ExtensibilityGlobals) = postSolution
		SolutionGuid = {D253B858-8A2D-4EC1-A255-C3EE62C821EF}
	EndGlobalSection
EndGlobal
